<?xml version="1.0" encoding="utf-8"?>
<Project ToolsVersion="4.0" xmlns="http://schemas.microsoft.com/developer/msbuild/2003">
  <ItemGroup>
    <Filter Include="Resources">
      <UniqueIdentifier>1fcc0fff-a7df-420c-8237-9e9355b6d377</UniqueIdentifier>
      <Extensions>rc;ico;cur;bmp;dlg;rc2;rct;bin;rgs;gif;jpg;jpeg;jpe;resx;tiff;tif;png;wav;mfcribbon-ms</Extensions>
    </Filter>
  </ItemGroup>
  <ItemGroup>
    <ClCompile Include="pch.cpp" />
    <ClCompile Include="Layout\LayoutNode.cpp" />
    <ClCompile Include="Controls\DocumentHost.cpp" />
    <ClCompile Include=".\Controls\OverflowDocumentHost.cpp" />
    <ClCompile Include="Layout\LayoutTree.cpp" />
    <ClCompile Include="Rendering\DirectWriteRenderer.cpp" />
    <ClCompile Include=".\Layout\LayoutVisitor.cpp" />
    <ClCompile Include="Rendering\RenderingLayoutVisitor.cpp" />
    <ClCompile Include=".\Layout\DirectWriteLayoutEngine.cpp" />
    <ClCompile Include="Rendering\DirectWriteRenderingPlan.cpp" />
    <ClCompile Include="Rendering\DirectWriteSurface.cpp" />
    <ClCompile Include=".\DX.cpp" />
    <ClCompile Include=".\Layout\LayoutBox.cpp" />
    <ClCompile Include=".\Controls\DocumentHostBase.cpp" />
    <ClCompile Include=".\Controls\DocumentViewer.cpp" />
    <ClCompile Include="ObjectTracking.cpp" />
    <ClCompile Include="Layout\LayoutEngineVisitor.cpp" />
    <ClCompile Include="FormattedRange.cpp" />
    <ClCompile Include="TextRange.cpp" />
    <ClCompile Include="TextFormat.cpp" />
    <ClCompile Include="Helpers.cpp" />
    <ClCompile Include="Layout\DWLayoutMetrics.cpp" />
    <ClCompile Include=".\Layout\LayoutInline.cpp" />
    <ClCompile Include="Controls\Nodes\Document.cpp" />
    <ClCompile Include="Structure\StructureTree.cpp" />
    <ClCompile Include="Structure\StructureNode.cpp" />
    <ClCompile Include="Structure\StructureVisitor.cpp" />
    <ClCompile Include="Controls\Nodes\Paragraph.cpp" />
    <ClCompile Include="Structure\BlockNode.cpp" />
    <ClCompile Include="Structure\InlineNode.cpp" />
    <ClCompile Include="Structure\ParagraphNode.cpp" />
    <ClCompile Include="Structure\RunNode.cpp" />
    <ClCompile Include="Controls\Nodes\Run.cpp" />
    <ClCompile Include="Controls\Nodes\Span.cpp" />
    <ClCompile Include="Structure\SpanNode.cpp" />
    <ClCompile Include="Layout\FormatStack.cpp" />
    <ClCompile Include="Layout\LayoutBuilder.cpp" />
    <ClCompile Include="Controls\Nodes\BaseNodes.cpp" />
  </ItemGroup>
  <ItemGroup>
    <ClInclude Include="pch.h" />
    <ClInclude Include="Helpers.h" />
    <ClInclude Include="Layout\LayoutNode.h" />
    <ClInclude Include="Controls\DocumentHost.h" />
    <ClInclude Include="Controls\DocumentHostBase.h" />
    <ClInclude Include="Controls\IDocumentSource.h" />
    <ClInclude Include="Controls\OverflowDocumentHost.h" />
    <ClInclude Include=".\Rendering\IDocumentRenderer.h" />
    <ClInclude Include="Layout\ILayoutEngine.h" />
    <ClInclude Include=".\Layout\LayoutTree.h" />
    <ClInclude Include="Rendering\DirectWriteRenderer.h" />
    <ClInclude Include=".\Layout\LayoutVisitor.h" />
    <ClInclude Include="Rendering\RenderingLayoutVisitor.h" />
    <ClInclude Include=".\Layout\DirectWriteLayoutEngine.h" />
    <ClInclude Include="Layout\DWLayoutMetrics.h" />
    <ClInclude Include="Rendering\DirectWriteRenderingPlan.h" />
    <ClInclude Include="Rendering\DirectWriteSurface.h" />
    <ClInclude Include=".\DX.h" />
    <ClInclude Include=".\Layout\LayoutBox.h" />
    <ClInclude Include="Layout\LayoutResult.h" />
    <ClInclude Include=".\Controls\DocumentViewer.h" />
    <ClInclude Include=".\Rendering\IRenderingPlan.h" />
    <ClInclude Include="ObjectTracking.h" />
    <ClInclude Include="Layout\LayoutEngineVisitor.h" />
    <ClInclude Include="Structure\InlinePair.h" />
    <ClInclude Include="FormattedRange.h" />
    <ClInclude Include="TextRange.h" />
    <ClInclude Include="TextFormat.h" />
    <ClInclude Include=".\Layout\LayoutInline.h" />
    <ClInclude Include="ChildNodeCollection.h" />
    <ClInclude Include="Macros.h" />
    <ClInclude Include="Layout\ILayoutMetrics.h" />
    <ClInclude Include="Structure\TextPointer.h" />
    <ClInclude Include="Controls\Nodes\Document.h" />
    <ClInclude Include="Structure\StructureTree.h" />
    <ClInclude Include="Structure\StructureNode.h" />
    <ClInclude Include="Structure\StructureVisitor.h" />
    <ClInclude Include="Controls\Nodes\Paragraph.h" />
    <ClInclude Include="Structure\BlockNode.h" />
    <ClInclude Include="Structure\InlineNode.h" />
    <ClInclude Include="Structure\ParagraphNode.h" />
    <ClInclude Include="Structure\RunNode.h" />
    <ClInclude Include="Structure\SpanNode.h" />
    <ClInclude Include="Controls\Nodes\Run.h" />
    <ClInclude Include="Controls\Nodes\Span.h" />
    <ClInclude Include="Layout\FormatStack.h" />
    <ClInclude Include="Layout\LayoutBuilder.h" />
    <ClInclude Include="Controls\Nodes\BaseNodes.h" />
  </ItemGroup>
</Project>