<?xml version="1.0" encoding="utf-8"?>
<Project ToolsVersion="4.0" xmlns="http://schemas.microsoft.com/developer/msbuild/2003">
  <ItemGroup>
    <Filter Include="Resources">
      <UniqueIdentifier>1fcc0fff-a7df-420c-8237-9e9355b6d377</UniqueIdentifier>
      <Extensions>rc;ico;cur;bmp;dlg;rc2;rct;bin;rgs;gif;jpg;jpeg;jpe;resx;tiff;tif;png;wav;mfcribbon-ms</Extensions>
    </Filter>
  </ItemGroup>
  <ItemGroup>
    <ClCompile Include="pch.cpp" />
    <ClCompile Include=".\Fonts\FontCollection.cpp" />
    <ClCompile Include=".\Fonts\FontFamily.cpp" />
    <ClCompile Include="DWriteFactory.cpp" />
    <ClCompile Include=".\Structure\Paragraph.cpp" />
    <ClCompile Include="Structure\Run.cpp" />
    <ClCompile Include=".\Layout\Box.cpp" />
    <ClCompile Include="Layout\LayoutNode.cpp" />
    <ClCompile Include="Structure\DocumentNode.cpp" />
    <ClCompile Include="Structure\Document.cpp" />
    <ClCompile Include="Controls\DocumentHost.cpp" />
    <ClCompile Include="Controls\DocumentHostBase.cpp" />
    <ClCompile Include=".\Controls\OverflowDocumentHost.cpp" />
    <ClCompile Include="Layout\LayoutTree.cpp" />
    <ClCompile Include=".\Rendering\RenderingPlan.cpp" />
    <ClCompile Include="Structure\DocumentVisitor.cpp" />
    <ClCompile Include="Rendering\DirectWriteRenderer.cpp" />
    <ClCompile Include=".\Layout\LayoutVisitor.cpp" />
    <ClCompile Include="Rendering\RenderingLayoutVisitor.cpp" />
    <ClCompile Include=".\Layout\Span.cpp" />
    <ClCompile Include=".\Layout\DirectWriteLayoutEngine.cpp" />
    <ClCompile Include="Layout\DWLayoutMetrics.cpp" />
    <ClCompile Include="Rendering\DirectWriteRenderingPlan.cpp" />
    <ClCompile Include="Rendering\DirectWriteSurface.cpp" />
  </ItemGroup>
  <ItemGroup>
    <ClInclude Include="pch.h" />
    <ClInclude Include="Enumerations.h" />
    <ClInclude Include=".\Fonts\FontCollection.h" />
    <ClInclude Include=".\Fonts\FontFamily.h" />
    <ClInclude Include="Helpers.h" />
    <ClInclude Include="DWriteFactory.h" />
    <ClInclude Include=".\Structure\Paragraph.h" />
    <ClInclude Include="Structure\Run.h" />
    <ClInclude Include=".\Layout\Box.h" />
    <ClInclude Include="Layout\LayoutNode.h" />
    <ClInclude Include="Structure\DocumentNode.h" />
    <ClInclude Include="Structure\Document.h" />
    <ClInclude Include="Controls\DocumentHost.h" />
    <ClInclude Include="Controls\DocumentHostBase.h" />
    <ClInclude Include="Controls\IDocumentSource.h" />
    <ClInclude Include="Controls\OverflowDocumentHost.h" />
    <ClInclude Include=".\Rendering\IDocumentRenderer.h" />
    <ClInclude Include=".\Rendering\RenderingPlan.h" />
    <ClInclude Include="Layout\ILayoutEngine.h" />
    <ClInclude Include=".\Layout\LayoutTree.h" />
    <ClInclude Include="Structure\DocumentVisitor.h" />
    <ClInclude Include="Rendering\DirectWriteRenderer.h" />
    <ClInclude Include=".\Layout\LayoutVisitor.h" />
    <ClInclude Include="Rendering\RenderingLayoutVisitor.h" />
    <ClInclude Include=".\Layout\Span.h" />
    <ClInclude Include=".\Layout\DirectWriteLayoutEngine.h" />
    <ClInclude Include="Layout\ILayoutMetrics.h" />
    <ClInclude Include="Layout\DWLayoutMetrics.h" />
    <ClInclude Include="Rendering\DirectWriteRenderingPlan.h" />
    <ClInclude Include="Rendering\DirectWriteSurface.h" />
  </ItemGroup>
</Project>